{
    "_meta": {
        "hash": {
            "sha256": "bca935869e6508381a6739784fc4366766707fecc5aa8fe05bf1b2999ac1e3f2"
        },
        "pipfile-spec": 6,
        "requires": {
            "python_version": "3.7"
        },
        "sources": [
            {
                "name": "pypi",
                "url": "https://pypi.org/simple",
                "verify_ssl": true
            }
        ]
    },
    "default": {
        "aniso8601": {
            "hashes": [
                "sha256:513d2b6637b7853806ae79ffaca6f3e8754bdd547048f5ccc1420aec4b714f1e",
                "sha256:d10a4bf949f619f719b227ef5386e31f49a2b6d453004b21f02661ccc8670c7b"
            ],
            "version": "==7.0.0"
        },
        "fastapi": {
            "hashes": [
                "sha256:1ee9a49f28d510b62b3b51a9452b274853bfc9c5d4b947ed054366e2d49f9efa",
                "sha256:72f40f47e5235cb5cbbad1d4f97932ede6059290c07e12e9784028dcd1063d28"
            ],
            "index": "pypi",
            "version": "==0.54.1"
        },
        "graphene": {
            "hashes": [
                "sha256:09165f03e1591b76bf57b133482db9be6dac72c74b0a628d3c93182af9c5a896",
                "sha256:2cbe6d4ef15cfc7b7805e0760a0e5b80747161ce1b0f990dfdc0d2cf497c12f9"
            ],
            "version": "==2.1.8"
        },
        "graphene-sqlalchemy": {
            "hashes": [
                "sha256:84ebb555538cf661cc2030a48ba16160c333b07c074658b912da699f0fc34d8c",
                "sha256:b6d63c14aaaf7bff976dbce091ed8096dc483d9ce9aeb94b6543a1ade96c3327"
            ],
            "index": "pypi",
            "version": "==2.3.0.dev1"
        },
        "graphene-sqlalchemy-auto": {
            "hashes": [
                "sha256:3a70e9ab30ce4214a5caa763880d45da52cfc23a8a8d2e84958b3f7d0b4483f5",
                "sha256:4e2fbf7013aba50b040a37d85af9f510c4d68ea3283b5d587d5f6562d43e0e71"
            ],
            "index": "pypi",
            "version": "==0.3.0"
        },
        "graphql-core": {
            "hashes": [
                "sha256:74a8f509ae8c4a58271f5d6b46d5c75b4aed116821ab62dea252d8041bfe057a",
                "sha256:c06e59153246dd48ddbf86ca94a8f045c1b71daf8154b4635e1a0e2e11d9b60b"
            ],
            "version": "==2.3.1"
        },
        "graphql-relay": {
            "hashes": [
                "sha256:870b6b5304123a38a0b215a79eace021acce5a466bf40cd39fa18cb8528afabb",
                "sha256:ac514cb86db9a43014d7e73511d521137ac12cf0101b2eaa5f0a3da2e10d913d"
            ],
            "version": "==2.0.1"
        },
        "h11": {
            "hashes": [
                "sha256:33d4bca7be0fa039f4e84d50ab00531047e53d6ee8ffbc83501ea602c169cae1",
                "sha256:4bc6d6a1238b7615b266ada57e0618568066f57dd6fa967d1290ec9309b2f2f1"
            ],
            "version": "==0.9.0"
        },
        "h2": {
            "hashes": [
                "sha256:61e0f6601fa709f35cdb730863b4e5ec7ad449792add80d1410d4174ed139af5",
                "sha256:875f41ebd6f2c44781259005b157faed1a5031df3ae5aa7bcb4628a6c0782f14"
            ],
            "version": "==3.2.0"
        },
        "hpack": {
            "hashes": [
                "sha256:0edd79eda27a53ba5be2dfabf3b15780928a0dff6eb0c60a3d6767720e970c89",
                "sha256:8eec9c1f4bfae3408a3f30500261f7e6a65912dc138526ea054f9ad98892e9d2"
            ],
            "version": "==3.0.0"
        },
        "hypercorn": {
            "hashes": [
                "sha256:c53eb444d05e40ac1aacecaa6d3a8fabada90bbea8aacf617e75d41ac065c310",
                "sha256:d94fa535e238ce1cd9c9b5f4cb77cb785d53069a5dc57a017e7c2fc51104ad5e"
            ],
            "index": "pypi",
            "version": "==0.9.5"
        },
        "hyperframe": {
            "hashes": [
                "sha256:5187962cb16dcc078f23cb5a4b110098d546c3f41ff2d4038a9896893bbd0b40",
                "sha256:a9f5c17f2cc3c719b917c4f33ed1c61bd1f8dfac4b1bd23b7c80b3400971b41f"
            ],
            "version": "==5.2.0"
        },
        "priority": {
            "hashes": [
                "sha256:6bc1961a6d7fcacbfc337769f1a382c8e746566aaa365e78047abe9f66b2ffbe",
                "sha256:be4fcb94b5e37cdeb40af5533afe6dd603bd665fe9c8b3052610fc1001d5d1eb"
            ],
            "version": "==1.3.0"
        },
        "promise": {
            "hashes": [
                "sha256:dfd18337c523ba4b6a58801c164c1904a9d4d1b1747c7d5dbf45b693a49d93d0"
            ],
            "version": "==2.3"
        },
        "pydantic": {
            "hashes": [
                "sha256:0a1cdf24e567d42dc762d3fed399bd211a13db2e8462af9dfa93b34c41648efb",
                "sha256:2007eb062ed0e57875ce8ead12760a6e44bf5836e6a1a7ea81d71eeecf3ede0f",
                "sha256:20a15a303ce1e4d831b4e79c17a4a29cb6740b12524f5bba3ea363bff65732bc",
                "sha256:2a6904e9f18dea58f76f16b95cba6a2f20b72d787abd84ecd67ebc526e61dce6",
                "sha256:3714a4056f5bdbecf3a41e0706ec9b228c9513eee2ad884dc2c568c4dfa540e9",
                "sha256:473101121b1bd454c8effc9fe66d54812fdc128184d9015c5aaa0d4e58a6d338",
                "sha256:68dece67bff2b3a5cc188258e46b49f676a722304f1c6148ae08e9291e284d98",
                "sha256:70f27d2f0268f490fe3de0a9b6fca7b7492b8fd6623f9fecd25b221ebee385e3",
                "sha256:8433dbb87246c0f562af75d00fa80155b74e4f6924b0db6a2078a3cd2f11c6c4",
                "sha256:8be325fc9da897029ee48d1b5e40df817d97fe969f3ac3fd2434ba7e198c55d5",
                "sha256:93b9f265329d9827f39f0fca68f5d72cc8321881cdc519a1304fa73b9f8a75bd",
                "sha256:9be755919258d5d168aeffbe913ed6e8bd562e018df7724b68cabdee3371e331",
                "sha256:ab863853cb502480b118187d670f753be65ec144e1654924bec33d63bc8b3ce2",
                "sha256:b96ce81c4b5ca62ab81181212edfd057beaa41411cd9700fbcb48a6ba6564b4e",
                "sha256:da8099fca5ee339d5572cfa8af12cf0856ae993406f0b1eb9bb38c8a660e7416",
                "sha256:e2c753d355126ddd1eefeb167fa61c7037ecd30b98e7ebecdc0d1da463b4ea09",
                "sha256:f0018613c7a0d19df3240c2a913849786f21b6539b9f23d85ce4067489dfacfa"
            ],
            "version": "==1.5.1"
        },
        "rx": {
            "hashes": [
                "sha256:13a1d8d9e252625c173dc795471e614eadfe1cf40ffc684e08b8fff0d9748c23",
                "sha256:7357592bc7e881a95e0c2013b73326f704953301ab551fbc8133a6fadab84105"
            ],
            "version": "==1.6.1"
        },
        "singledispatch": {
            "hashes": [
                "sha256:5b06af87df13818d14f08a028e42f566640aef80805c3b50c5056b086e3c2b9c",
                "sha256:833b46966687b3de7f438c761ac475213e53b306740f1abfaa86e1d1aae56aa8"
            ],
            "version": "==3.4.0.3"
        },
        "six": {
            "hashes": [
                "sha256:236bdbdce46e6e6a3d61a337c0f8b763ca1e8717c03b369e87a7ec7ce1319c0a",
                "sha256:8f3cd2e254d8f793e7f3d6d9df77b92252b52637291d0f0da013c76ea2724b6c"
            ],
            "version": "==1.14.0"
        },
        "sqlalchemy": {
            "hashes": [
                "sha256:083e383a1dca8384d0ea6378bd182d83c600ed4ff4ec8247d3b2442cf70db1ad",
                "sha256:0a690a6486658d03cc6a73536d46e796b6570ac1f8a7ec133f9e28c448b69828",
                "sha256:114b6ace30001f056e944cebd46daef38fdb41ebb98f5e5940241a03ed6cad43",
                "sha256:128f6179325f7597a46403dde0bf148478f868df44841348dfc8d158e00db1f9",
                "sha256:13d48cd8b925b6893a4e59b2dfb3e59a5204fd8c98289aad353af78bd214db49",
                "sha256:211a1ce7e825f7142121144bac76f53ac28b12172716a710f4bf3eab477e730b",
                "sha256:2dc57ee80b76813759cccd1a7affedf9c4dbe5b065a91fb6092c9d8151d66078",
                "sha256:3e625e283eecc15aee5b1ef77203bfb542563fa4a9aa622c7643c7b55438ff49",
                "sha256:43078c7ec0457387c79b8d52fff90a7ad352ca4c7aa841c366238c3e2cf52fdf",
                "sha256:5b1bf3c2c2dca738235ce08079783ef04f1a7fc5b21cf24adaae77f2da4e73c3",
                "sha256:6056b671aeda3fc451382e52ab8a753c0d5f66ef2a5ccc8fa5ba7abd20988b4d",
                "sha256:68d78cf4a9dfade2e6cf57c4be19f7b82ed66e67dacf93b32bb390c9bed12749",
                "sha256:7025c639ce7e170db845e94006cf5f404e243e6fc00d6c86fa19e8ad8d411880",
                "sha256:7224e126c00b8178dfd227bc337ba5e754b197a3867d33b9f30dc0208f773d70",
                "sha256:7d98e0785c4cd7ae30b4a451416db71f5724a1839025544b4edbd92e00b91f0f",
                "sha256:8d8c21e9d4efef01351bf28513648ceb988031be4159745a7ad1b3e28c8ff68a",
                "sha256:bbb545da054e6297242a1bb1ba88e7a8ffb679f518258d66798ec712b82e4e07",
                "sha256:d00b393f05dbd4ecd65c989b7f5a81110eae4baea7a6a4cdd94c20a908d1456e",
                "sha256:e18752cecaef61031252ca72031d4d6247b3212ebb84748fc5d1a0d2029c23ea"
            ],
            "version": "==1.3.16"
        },
        "starlette": {
            "hashes": [
                "sha256:6169ee78ded501095d1dda7b141a1dc9f9934d37ad23196e180150ace2c6449b",
                "sha256:a9bb130fa7aa736eda8a814b6ceb85ccf7a209ed53843d0d61e246b380afa10f"
            ],
            "index": "pypi",
            "version": "==0.13.2"
        },
        "toml": {
            "hashes": [
                "sha256:229f81c57791a41d65e399fc06bf0848bab550a9dfd5ed66df18ce5f05e73d5c",
                "sha256:235682dd292d5899d361a811df37e04a8828a5b1da3115886b73cf81ebc9100e"
            ],
            "version": "==0.10.0"
        },
        "typing-extensions": {
            "hashes": [
                "sha256:6e95524d8a547a91e08f404ae485bbb71962de46967e1b71a0cb89af24e761c5",
                "sha256:79ee589a3caca649a9bfd2a8de4709837400dfa00b6cc81962a1e6a1815969ae",
                "sha256:f8d2bd89d25bc39dabe7d23df520442fa1d8969b82544370e03d88b5a591c392"
            ],
            "version": "==3.7.4.2"
        },
        "wsproto": {
            "hashes": [
                "sha256:614798c30e5dc2b3f65acc03d2d50842b97621487350ce79a80a711229edfa9d",
                "sha256:e3d190a11d9307112ba23bbe60055604949b172143969c8f641318476a9b6f1d"
            ],
            "version": "==0.15.0"
        }
    },
    "develop": {
        "astroid": {
            "hashes": [
                "sha256:71ea07f44df9568a75d0f354c49143a4575d90645e9fead6dfb52c26a85ed13a",
                "sha256:840947ebfa8b58f318d42301cf8c0a20fd794a33b61cc4638e28e9e61ba32f42"
            ],
            "version": "==2.3.3"
        },
        "autopep8": {
            "hashes": [
                "sha256:152fd8fe47d02082be86e05001ec23d6f420086db56b17fc883f3f965fb34954"
            ],
            "index": "pypi",
            "version": "==1.5.2"
        },
        "isort": {
            "hashes": [
                "sha256:54da7e92468955c4fceacd0c86bd0ec997b0e1ee80d97f67c35a78b719dccab1",
                "sha256:6e811fcb295968434526407adb8796944f1988c5b65e8139058f2014cbe100fd"
            ],
            "version": "==4.3.21"
        },
        "lazy-object-proxy": {
            "hashes": [
                "sha256:0c4b206227a8097f05c4dbdd323c50edf81f15db3b8dc064d08c62d37e1a504d",
                "sha256:194d092e6f246b906e8f70884e620e459fc54db3259e60cf69a4d66c3fda3449",
                "sha256:1be7e4c9f96948003609aa6c974ae59830a6baecc5376c25c92d7d697e684c08",
                "sha256:4677f594e474c91da97f489fea5b7daa17b5517190899cf213697e48d3902f5a",
                "sha256:48dab84ebd4831077b150572aec802f303117c8cc5c871e182447281ebf3ac50",
                "sha256:5541cada25cd173702dbd99f8e22434105456314462326f06dba3e180f203dfd",
                "sha256:59f79fef100b09564bc2df42ea2d8d21a64fdcda64979c0fa3db7bdaabaf6239",
                "sha256:8d859b89baf8ef7f8bc6b00aa20316483d67f0b1cbf422f5b4dc56701c8f2ffb",
                "sha256:9254f4358b9b541e3441b007a0ea0764b9d056afdeafc1a5569eee1cc6c1b9ea",
                "sha256:9651375199045a358eb6741df3e02a651e0330be090b3bc79f6d0de31a80ec3e",
                "sha256:97bb5884f6f1cdce0099f86b907aa41c970c3c672ac8b9c8352789e103cf3156",
                "sha256:9b15f3f4c0f35727d3a0fba4b770b3c4ebbb1fa907dbcc046a1d2799f3edd142",
                "sha256:a2238e9d1bb71a56cd710611a1614d1194dc10a175c1e08d75e1a7bcc250d442",
                "sha256:a6ae12d08c0bf9909ce12385803a543bfe99b95fe01e752536a60af2b7797c62",
                "sha256:ca0a928a3ddbc5725be2dd1cf895ec0a254798915fb3a36af0964a0a4149e3db",
                "sha256:cb2c7c57005a6804ab66f106ceb8482da55f5314b7fcb06551db1edae4ad1531",
                "sha256:d74bb8693bf9cf75ac3b47a54d716bbb1a92648d5f781fc799347cfc95952383",
                "sha256:d945239a5639b3ff35b70a88c5f2f491913eb94871780ebfabb2568bd58afc5a",
                "sha256:eba7011090323c1dadf18b3b689845fd96a61ba0a1dfbd7f24b921398affc357",
                "sha256:efa1909120ce98bbb3777e8b6f92237f5d5c8ea6758efea36a473e1d38f7d3e4",
                "sha256:f3900e8a5de27447acbf900b4750b0ddfd7ec1ea7fbaf11dfa911141bc522af0"
            ],
            "version": "==1.4.3"
        },
        "mccabe": {
            "hashes": [
                "sha256:ab8a6258860da4b6677da4bd2fe5dc2c659cff31b3ee4f7f5d64e79735b80d42",
                "sha256:dd8d182285a0fe56bace7f45b5e7d1a6ebcbf524e8f3bd87eb0f125271b8831f"
            ],
            "version": "==0.6.1"
        },
        "pycodestyle": {
            "hashes": [
                "sha256:95a2219d12372f05704562a14ec30bc76b05a5b297b21a5dfe3f6fac3491ae56",
                "sha256:e40a936c9a450ad81df37f549d676d127b1b66000a6c500caa2b085bc0ca976c"
            ],
            "version": "==2.5.0"
        },
        "pylint": {
            "hashes": [
                "sha256:3db5468ad013380e987410a8d6956226963aed94ecb5f9d3a28acca6d9ac36cd",
                "sha256:886e6afc935ea2590b462664b161ca9a5e40168ea99e5300935f6591ad467df4"
            ],
            "index": "pypi",
            "version": "==2.4.4"
        },
        "six": {
            "hashes": [
                "sha256:236bdbdce46e6e6a3d61a337c0f8b763ca1e8717c03b369e87a7ec7ce1319c0a",
                "sha256:8f3cd2e254d8f793e7f3d6d9df77b92252b52637291d0f0da013c76ea2724b6c"
            ],
            "version": "==1.14.0"
        },
        "typed-ast": {
            "hashes": [
                "sha256:0666aa36131496aed8f7be0410ff974562ab7eeac11ef351def9ea6fa28f6355",
                "sha256:0c2c07682d61a629b68433afb159376e24e5b2fd4641d35424e462169c0a7919",
                "sha256:249862707802d40f7f29f6e1aad8d84b5aa9e44552d2cc17384b209f091276aa",
                "sha256:24995c843eb0ad11a4527b026b4dde3da70e1f2d8806c99b7b4a7cf491612652",
                "sha256:269151951236b0f9a6f04015a9004084a5ab0d5f19b57de779f908621e7d8b75",
                "sha256:4083861b0aa07990b619bd7ddc365eb7fa4b817e99cf5f8d9cf21a42780f6e01",
                "sha256:498b0f36cc7054c1fead3d7fc59d2150f4d5c6c56ba7fb150c013fbc683a8d2d",
                "sha256:4e3e5da80ccbebfff202a67bf900d081906c358ccc3d5e3c8aea42fdfdfd51c1",
                "sha256:6daac9731f172c2a22ade6ed0c00197ee7cc1221aa84cfdf9c31defeb059a907",
                "sha256:715ff2f2df46121071622063fc7543d9b1fd19ebfc4f5c8895af64a77a8c852c",
                "sha256:73d785a950fc82dd2a25897d525d003f6378d1cb23ab305578394694202a58c3",
                "sha256:8c8aaad94455178e3187ab22c8b01a3837f8ee50e09cf31f1ba129eb293ec30b",
                "sha256:8ce678dbaf790dbdb3eba24056d5364fb45944f33553dd5869b7580cdbb83614",
                "sha256:aaee9905aee35ba5905cfb3c62f3e83b3bec7b39413f0a7f19be4e547ea01ebb",
                "sha256:bcd3b13b56ea479b3650b82cabd6b5343a625b0ced5429e4ccad28a8973f301b",
                "sha256:c9e348e02e4d2b4a8b2eedb48210430658df6951fa484e59de33ff773fbd4b41",
                "sha256:d205b1b46085271b4e15f670058ce182bd1199e56b317bf2ec004b6a44f911f6",
                "sha256:d43943ef777f9a1c42bf4e552ba23ac77a6351de620aa9acf64ad54933ad4d34",
                "sha256:d5d33e9e7af3b34a40dc05f498939f0ebf187f07c385fd58d591c533ad8562fe",
                "sha256:fc0fea399acb12edbf8a628ba8d2312f583bdbdb3335635db062fa98cf71fca4",
                "sha256:fe460b922ec15dd205595c9b5b99e2f056fd98ae8f9f56b888e7a17dc2b757e7"
            ],
            "markers": "implementation_name == 'cpython' and python_version < '3.8'",
            "version": "==1.4.1"
        },
        "wrapt": {
            "hashes": [
                "sha256:565a021fd19419476b9362b05eeaa094178de64f8361e44468f9e9d7843901e1"
            ],
            "version": "==1.11.2"
        }
    }
}
